{
    "_readme": [
        "This file locks the dependencies of your project to a known state",
        "Read more about it at https://getcomposer.org/doc/01-basic-usage.md#installing-dependencies",
        "This file is @generated automatically"
    ],
    "content-hash": "755d3be6005eed93ef8bb1b4f0e0e1ae",
    "packages": [
        {
            "name": "alma/alma-php-client",
            "version": "v1.0.11",
            "source": {
                "type": "git",
                "url": "https://github.com/alma/alma-php-client.git",
                "reference": "bc7d362f0f7606369cc1ef5c04fbb05b1cc740db"
            },
            "dist": {
                "type": "zip",
                "url": "https://api.github.com/repos/alma/alma-php-client/zipball/bc7d362f0f7606369cc1ef5c04fbb05b1cc740db",
                "reference": "bc7d362f0f7606369cc1ef5c04fbb05b1cc740db",
                "shasum": ""
            },
            "require": {
                "psr/log": "^1.1"
            },
            "require-dev": {
                "dealerdirect/phpcodesniffer-composer-installer": "^0.5.0",
                "phpcompatibility/php-compatibility": "^9.0",
                "phpunit/phpunit": "^8",
                "roave/security-advisories": "@dev",
                "squizlabs/php_codesniffer": "^3.3"
            },
            "type": "library",
            "autoload": {
                "psr-4": {
                    "Alma\\API\\": "src/"
                },
                "files": [
                    "src/lib/array.php"
                ]
            },
            "notification-url": "https://packagist.org/downloads/",
            "license": [
                "MIT"
            ],
            "authors": [
                {
                    "name": "Olivier Lance",
                    "email": "olivier.lance@getalma.eu"
                }
            ],
            "description": "PHP API client for the Alma payments API",
            "time": "2020-07-07T11:39:11+00:00"
        },
        {
            "name": "psr/log",
            "version": "dev-master",
            "source": {
                "type": "git",
                "url": "https://github.com/php-fig/log.git",
                "reference": "dd738d0b4491f32725492cf345f6b501f5922fec"
            },
            "dist": {
                "type": "zip",
                "url": "https://api.github.com/repos/php-fig/log/zipball/dd738d0b4491f32725492cf345f6b501f5922fec",
                "reference": "dd738d0b4491f32725492cf345f6b501f5922fec",
                "shasum": ""
            },
            "require": {
                "php": ">=5.3.0"
            },
            "type": "library",
            "extra": {
                "branch-alias": {
                    "dev-master": "1.1.x-dev"
                }
            },
            "autoload": {
                "psr-4": {
                    "Psr\\Log\\": "Psr/Log/"
                }
            },
            "notification-url": "https://packagist.org/downloads/",
            "license": [
                "MIT"
            ],
            "authors": [
                {
                    "name": "PHP-FIG",
                    "homepage": "https://www.php-fig.org/"
                }
            ],
            "description": "Common interface for logging libraries",
            "homepage": "https://github.com/php-fig/log",
            "keywords": [
                "log",
                "psr",
                "psr-3"
            ],
            "time": "2020-09-18T06:44:51+00:00"
        }
    ],
    "packages-dev": [],
    "aliases": [],
    "minimum-stability": "dev",
    "stability-flags": [],
    "prefer-stable": false,
    "prefer-lowest": false,
    "platform": [],
    "platform-dev": []
}
